
Microsoft Visual Studio Solution File, Format Version 12.00
# Visual Studio Version 16
VisualStudioVersion = 16.0.30503.244
MinimumVisualStudioVersion = 10.0.40219.1
Project("{FAE04EC0-301F-11D3-BF4B-00C04F79EFBC}") = "basymqattyvisual", "basymqattyvisual\basymqattyvisual.csproj", "{86907EF4-403B-447D-BEB5-9240515B2617}"
EndProject
Global
	GlobalSection(SolutionConfigurationPlatforms) = preSolution
		Debug|Any CPU = Debug|Any CPU
		Release|Any CPU = Release|Any CPU
	EndGlobalSection
	GlobalSection(ProjectConfigurationPlatforms) = postSolution
		{86907EF4-403B-447D-BEB5-9240515B2617}.Debug|Any CPU.ActiveCfg = Debug|Any CPU
		{86907EF4-403B-447D-BEB5-9240515B2617}.Debug|Any CPU.Build.0 = Debug|Any CPU
		{86907EF4-403B-447D-BEB5-9240515B2617}.Release|Any CPU.ActiveCfg = Release|Any CPU
		{86907EF4-403B-447D-BEB5-9240515B2617}.Release|Any CPU.Build.0 = Release|Any CPU
	EndGlobalSection
	GlobalSection(SolutionProperties) = preSolution
		HideSolutionNode = FALSE
	EndGlobalSection
	GlobalSection(ExtensibilityGlobals) = postSolution
		SolutionGuid = {400A4BEF-0BD9-4585-B085-D44C4C0EA31A}
	EndGlobalSection
EndGlobal
